# This file is automatically @generated by Cargo.
# It is not intended for manual editing.
version = 3

[[package]]
name = "chip_inverter"
version = "0.1.0"
dependencies = [
 "wokwi_chip_ll",
]

[[package]]
name = "wokwi_chip_ll"
version = "0.1.3"
source = "registry+https://github.com/rust-lang/crates.io-index"
checksum = "c9830254a7a242b8134c0c70c80466c54eaea3d6256802920f50bf6dd6e5ef5e"
